
Microsoft Visual Studio Solution File, Format Version 11.00
# Visual Studio 2010
Project("{8BC9CEB8-8B4A-11D0-8D11-00A0C91BC942}") = "201028", "201028\201028.vcxproj", "{9B1CE4E3-DD54-466A-BD3F-E6B99039D77E}"
EndProject
Global
	GlobalSection(SolutionConfigurationPlatforms) = preSolution
		Debug|Win32 = Debug|Win32
		Release|Win32 = Release|Win32
	EndGlobalSection
	GlobalSection(ProjectConfigurationPlatforms) = postSolution
		{9B1CE4E3-DD54-466A-BD3F-E6B99039D77E}.Debug|Win32.ActiveCfg = Debug|Win32
		{9B1CE4E3-DD54-466A-BD3F-E6B99039D77E}.Debug|Win32.Build.0 = Debug|Win32
		{9B1CE4E3-DD54-466A-BD3F-E6B99039D77E}.Release|Win32.ActiveCfg = Release|Win32
		{9B1CE4E3-DD54-466A-BD3F-E6B99039D77E}.Release|Win32.Build.0 = Release|Win32
	EndGlobalSection
	GlobalSection(SolutionProperties) = preSolution
		HideSolutionNode = FALSE
	EndGlobalSection
EndGlobal
